
Microsoft Visual Studio Solution File, Format Version 12.00
# Visual Studio 14
VisualStudioVersion = 14.0.25420.1
MinimumVisualStudioVersion = 10.0.40219.1
Project("{159641D6-6404-4A2A-AE62-294DE0FE8301}") = "NewSSISGITMaster", "NewSSISGITMaster\NewSSISGITMaster.dtproj", "{854FFFC4-8367-4642-8497-92E22B6762DF}"
EndProject
Global
	GlobalSection(SolutionConfigurationPlatforms) = preSolution
		Development|Default = Development|Default
	EndGlobalSection
	GlobalSection(ProjectConfigurationPlatforms) = postSolution
		{854FFFC4-8367-4642-8497-92E22B6762DF}.Development|Default.ActiveCfg = Development
		{854FFFC4-8367-4642-8497-92E22B6762DF}.Development|Default.Build.0 = Development
	EndGlobalSection
	GlobalSection(SolutionProperties) = preSolution
		HideSolutionNode = FALSE
	EndGlobalSection
EndGlobal
